
Microsoft Visual Studio Solution File, Format Version 12.00
# Visual Studio Version 16
VisualStudioVersion = 16.0.31229.75
MinimumVisualStudioVersion = 10.0.40219.1
Project("{FAE04EC0-301F-11D3-BF4B-00C04F79EFBC}") = "Ka-veikia-seniunijos", "Ka-veikia-seniunijos\Ka-veikia-seniunijos.csproj", "{37A3BA2E-E982-45D0-A56D-037986D1A52C}"
EndProject
Global
	GlobalSection(SolutionConfigurationPlatforms) = preSolution
		Debug|Any CPU = Debug|Any CPU
		Release|Any CPU = Release|Any CPU
	EndGlobalSection
	GlobalSection(ProjectConfigurationPlatforms) = postSolution
		{37A3BA2E-E982-45D0-A56D-037986D1A52C}.Debug|Any CPU.ActiveCfg = Debug|Any CPU
		{37A3BA2E-E982-45D0-A56D-037986D1A52C}.Debug|Any CPU.Build.0 = Debug|Any CPU
		{37A3BA2E-E982-45D0-A56D-037986D1A52C}.Release|Any CPU.ActiveCfg = Release|Any CPU
		{37A3BA2E-E982-45D0-A56D-037986D1A52C}.Release|Any CPU.Build.0 = Release|Any CPU
	EndGlobalSection
	GlobalSection(SolutionProperties) = preSolution
		HideSolutionNode = FALSE
	EndGlobalSection
	GlobalSection(ExtensibilityGlobals) = postSolution
		SolutionGuid = {5FD1AD55-8A28-4D32-A266-AE841A6517BE}
	EndGlobalSection
EndGlobal
